
Microsoft Visual Studio Solution File, Format Version 12.00
# Visual Studio 2013
VisualStudioVersion = 12.0.21005.1
MinimumVisualStudioVersion = 10.0.40219.1
Project("{8BC9CEB8-8B4A-11D0-8D11-00A0C91BC942}") = "A", "A.vcxproj", "{EF28345B-7A0D-489E-8173-6C44BB85CC89}"
EndProject
Project("{2150E333-8FDC-42A3-9474-1A3956D46DE8}") = "Solution Items", "Solution Items", "{7CA46C0B-039C-456A-A2CE-662EA97F1D79}"
EndProject
Project("{8BC9CEB8-8B4A-11D0-8D11-00A0C91BC942}") = "Test", "Test\Test.vcxproj", "{EFEEAC23-EA2D-4FC8-8255-E39E16F52784}"
	ProjectSection(ProjectDependencies) = postProject
		{EF28345B-7A0D-489E-8173-6C44BB85CC89} = {EF28345B-7A0D-489E-8173-6C44BB85CC89}
	EndProjectSection
EndProject
Global
	GlobalSection(SolutionConfigurationPlatforms) = preSolution
		Debug|Mixed Platforms = Debug|Mixed Platforms
		Debug|x64 = Debug|x64
		Release|Mixed Platforms = Release|Mixed Platforms
		Release|x64 = Release|x64
		Test|Mixed Platforms = Test|Mixed Platforms
		Test|x64 = Test|x64
	EndGlobalSection
	GlobalSection(ProjectConfigurationPlatforms) = postSolution
		{EF28345B-7A0D-489E-8173-6C44BB85CC89}.Debug|Mixed Platforms.ActiveCfg = Debug|x64
		{EF28345B-7A0D-489E-8173-6C44BB85CC89}.Debug|Mixed Platforms.Build.0 = Debug|x64
		{EF28345B-7A0D-489E-8173-6C44BB85CC89}.Debug|x64.ActiveCfg = Debug|x64
		{EF28345B-7A0D-489E-8173-6C44BB85CC89}.Debug|x64.Build.0 = Debug|x64
		{EF28345B-7A0D-489E-8173-6C44BB85CC89}.Release|Mixed Platforms.ActiveCfg = Release|x64
		{EF28345B-7A0D-489E-8173-6C44BB85CC89}.Release|Mixed Platforms.Build.0 = Release|x64
		{EF28345B-7A0D-489E-8173-6C44BB85CC89}.Release|x64.ActiveCfg = Release|x64
		{EF28345B-7A0D-489E-8173-6C44BB85CC89}.Release|x64.Build.0 = Release|x64
		{EF28345B-7A0D-489E-8173-6C44BB85CC89}.Test|Mixed Platforms.ActiveCfg = Test|x64
		{EF28345B-7A0D-489E-8173-6C44BB85CC89}.Test|Mixed Platforms.Build.0 = Test|x64
		{EF28345B-7A0D-489E-8173-6C44BB85CC89}.Test|x64.ActiveCfg = Test|x64
		{EF28345B-7A0D-489E-8173-6C44BB85CC89}.Test|x64.Build.0 = Test|x64
		{EFEEAC23-EA2D-4FC8-8255-E39E16F52784}.Debug|Mixed Platforms.ActiveCfg = Debug|x64
		{EFEEAC23-EA2D-4FC8-8255-E39E16F52784}.Debug|x64.ActiveCfg = Debug|x64
		{EFEEAC23-EA2D-4FC8-8255-E39E16F52784}.Release|Mixed Platforms.ActiveCfg = Release|x64
		{EFEEAC23-EA2D-4FC8-8255-E39E16F52784}.Release|x64.ActiveCfg = Release|x64
		{EFEEAC23-EA2D-4FC8-8255-E39E16F52784}.Test|Mixed Platforms.ActiveCfg = Test|x64
		{EFEEAC23-EA2D-4FC8-8255-E39E16F52784}.Test|Mixed Platforms.Build.0 = Test|x64
		{EFEEAC23-EA2D-4FC8-8255-E39E16F52784}.Test|x64.ActiveCfg = Test|x64
		{EFEEAC23-EA2D-4FC8-8255-E39E16F52784}.Test|x64.Build.0 = Test|x64
	EndGlobalSection
	GlobalSection(SolutionProperties) = preSolution
		HideSolutionNode = FALSE
	EndGlobalSection
EndGlobal
